
Microsoft Visual Studio Solution File, Format Version 12.00
Project("{FAE04EC0-301F-11D3-BF4B-00C04F79EFBC}") = "Rossman", "Rossman\Rossman.csproj", "{839E7F8E-5EFC-4613-A981-831DA7E341F2}"
EndProject
Project("{FAE04EC0-301F-11D3-BF4B-00C04F79EFBC}") = "RossmanLib", "RossmanLib\RossmanLib.csproj", "{A97FD0B3-BF95-4CFC-8CE6-45A3D0D059E2}"
EndProject
Global
	GlobalSection(SolutionConfigurationPlatforms) = preSolution
		Debug|Any CPU = Debug|Any CPU
		Release|Any CPU = Release|Any CPU
	EndGlobalSection
	GlobalSection(ProjectConfigurationPlatforms) = postSolution
		{839E7F8E-5EFC-4613-A981-831DA7E341F2}.Debug|Any CPU.ActiveCfg = Debug|Any CPU
		{839E7F8E-5EFC-4613-A981-831DA7E341F2}.Debug|Any CPU.Build.0 = Debug|Any CPU
		{839E7F8E-5EFC-4613-A981-831DA7E341F2}.Release|Any CPU.ActiveCfg = Release|Any CPU
		{839E7F8E-5EFC-4613-A981-831DA7E341F2}.Release|Any CPU.Build.0 = Release|Any CPU
		{A97FD0B3-BF95-4CFC-8CE6-45A3D0D059E2}.Debug|Any CPU.ActiveCfg = Debug|Any CPU
		{A97FD0B3-BF95-4CFC-8CE6-45A3D0D059E2}.Debug|Any CPU.Build.0 = Debug|Any CPU
		{A97FD0B3-BF95-4CFC-8CE6-45A3D0D059E2}.Release|Any CPU.ActiveCfg = Release|Any CPU
		{A97FD0B3-BF95-4CFC-8CE6-45A3D0D059E2}.Release|Any CPU.Build.0 = Release|Any CPU
	EndGlobalSection
EndGlobal
