
Microsoft Visual Studio Solution File, Format Version 12.00
# Visual Studio Version 17
VisualStudioVersion = 17.0.31903.59
MinimumVisualStudioVersion = 10.0.40219.1
Project("{FAE04EC0-301F-11D3-BF4B-00C04F79EFBC}") = "MySpot.Core", "src\MySpot.Core\MySpot.Core.csproj", "{B10AFA8A-F9BA-425C-856A-E62CFEC3B2E5}"
EndProject
Project("{FAE04EC0-301F-11D3-BF4B-00C04F79EFBC}") = "MySpot.Application", "src\MySpot.Application\MySpot.Application.csproj", "{F197AA5B-D63C-482A-9104-5FC6DD312B9F}"
EndProject
Project("{FAE04EC0-301F-11D3-BF4B-00C04F79EFBC}") = "MySpot.Infrastructure", "src\MySpot.Infrastructure\MySpot.Infrastructure.csproj", "{5D5973B1-09D8-4529-925A-8082AF9C0857}"
EndProject
Project("{FAE04EC0-301F-11D3-BF4B-00C04F79EFBC}") = "MySpot.Api", "src\MySpot.Api\MySpot.Api.csproj", "{08189AAA-B08D-4FC8-B3AB-2849D006273C}"
EndProject
Project("{FAE04EC0-301F-11D3-BF4B-00C04F79EFBC}") = "MySpot.Tests.Unit", "tests\MySpot.Tests.Unit\MySpot.Tests.Unit.csproj", "{30A8E54F-BCB9-4E6F-B98D-91A194F9D70F}"
EndProject
Global
	GlobalSection(SolutionConfigurationPlatforms) = preSolution
		Debug|Any CPU = Debug|Any CPU
		Release|Any CPU = Release|Any CPU
	EndGlobalSection
	GlobalSection(SolutionProperties) = preSolution
		HideSolutionNode = FALSE
	EndGlobalSection
	GlobalSection(ProjectConfigurationPlatforms) = postSolution
		{B10AFA8A-F9BA-425C-856A-E62CFEC3B2E5}.Debug|Any CPU.ActiveCfg = Debug|Any CPU
		{B10AFA8A-F9BA-425C-856A-E62CFEC3B2E5}.Debug|Any CPU.Build.0 = Debug|Any CPU
		{B10AFA8A-F9BA-425C-856A-E62CFEC3B2E5}.Release|Any CPU.ActiveCfg = Release|Any CPU
		{B10AFA8A-F9BA-425C-856A-E62CFEC3B2E5}.Release|Any CPU.Build.0 = Release|Any CPU
		{F197AA5B-D63C-482A-9104-5FC6DD312B9F}.Debug|Any CPU.ActiveCfg = Debug|Any CPU
		{F197AA5B-D63C-482A-9104-5FC6DD312B9F}.Debug|Any CPU.Build.0 = Debug|Any CPU
		{F197AA5B-D63C-482A-9104-5FC6DD312B9F}.Release|Any CPU.ActiveCfg = Release|Any CPU
		{F197AA5B-D63C-482A-9104-5FC6DD312B9F}.Release|Any CPU.Build.0 = Release|Any CPU
		{5D5973B1-09D8-4529-925A-8082AF9C0857}.Debug|Any CPU.ActiveCfg = Debug|Any CPU
		{5D5973B1-09D8-4529-925A-8082AF9C0857}.Debug|Any CPU.Build.0 = Debug|Any CPU
		{5D5973B1-09D8-4529-925A-8082AF9C0857}.Release|Any CPU.ActiveCfg = Release|Any CPU
		{5D5973B1-09D8-4529-925A-8082AF9C0857}.Release|Any CPU.Build.0 = Release|Any CPU
		{08189AAA-B08D-4FC8-B3AB-2849D006273C}.Debug|Any CPU.ActiveCfg = Debug|Any CPU
		{08189AAA-B08D-4FC8-B3AB-2849D006273C}.Debug|Any CPU.Build.0 = Debug|Any CPU
		{08189AAA-B08D-4FC8-B3AB-2849D006273C}.Release|Any CPU.ActiveCfg = Release|Any CPU
		{08189AAA-B08D-4FC8-B3AB-2849D006273C}.Release|Any CPU.Build.0 = Release|Any CPU
		{30A8E54F-BCB9-4E6F-B98D-91A194F9D70F}.Debug|Any CPU.ActiveCfg = Debug|Any CPU
		{30A8E54F-BCB9-4E6F-B98D-91A194F9D70F}.Debug|Any CPU.Build.0 = Debug|Any CPU
		{30A8E54F-BCB9-4E6F-B98D-91A194F9D70F}.Release|Any CPU.ActiveCfg = Release|Any CPU
		{30A8E54F-BCB9-4E6F-B98D-91A194F9D70F}.Release|Any CPU.Build.0 = Release|Any CPU
	EndGlobalSection
EndGlobal
